
Microsoft Visual Studio Solution File, Format Version 12.00
# Visual Studio Version 17
VisualStudioVersion = 17.8.34408.163
MinimumVisualStudioVersion = 10.0.40219.1
Project("{9A19103F-16F7-4668-BE54-9A1E7A4F7556}") = "1. Reverse Strings", "Programming Advanced for QA\1. Reverse Strings.csproj", "{D9D79069-792C-4D54-BEE4-B21485C8DDC2}"
EndProject
Project("{2150E333-8FDC-42A3-9474-1A3956D46DE8}") = "Text Processing", "Text Processing", "{070C74C1-12BD-454D-AC6D-9A018BF3AC6D}"
EndProject
Project("{9A19103F-16F7-4668-BE54-9A1E7A4F7556}") = "2. Repeat Strings", "2. Repeat Strings\2. Repeat Strings.csproj", "{63958EB4-E4EF-4533-A58B-F321C5D1E209}"
EndProject
Project("{9A19103F-16F7-4668-BE54-9A1E7A4F7556}") = "3. Substring", "3. Substring\3. Substring.csproj", "{0E4DCF69-3B0B-4EF9-AC4F-FEDCBF27577D}"
EndProject
Project("{9A19103F-16F7-4668-BE54-9A1E7A4F7556}") = "4. Text Filter", "4. Text Filter\4. Text Filter.csproj", "{9FE8041B-5AB8-489A-B0EF-80F7FF1B2247}"
EndProject
Project("{9A19103F-16F7-4668-BE54-9A1E7A4F7556}") = "5. Digits, Letters and Other", "5. Digits, Letters and Other\5. Digits, Letters and Other.csproj", "{0FE7E138-B4FD-416B-B7B5-4D78F8D5AA2E}"
EndProject
Project("{2150E333-8FDC-42A3-9474-1A3956D46DE8}") = "Regular Expressions", "Regular Expressions", "{049C21F3-FF89-4193-A5D2-30FE9A484145}"
EndProject
Project("{9A19103F-16F7-4668-BE54-9A1E7A4F7556}") = "1. Match Full Name", "1. Match Full Name\1. Match Full Name.csproj", "{9464FFA0-E11E-4E5D-9578-4A2C97B18CD4}"
EndProject
Project("{9A19103F-16F7-4668-BE54-9A1E7A4F7556}") = "2. Match Phone Number", "2. Match Phone Number\2. Match Phone Number.csproj", "{0B76F619-8C04-49FD-B2E9-1EC4EA06AA5A}"
EndProject
Project("{9A19103F-16F7-4668-BE54-9A1E7A4F7556}") = "3. Match Dates", "3. Match Dates\3. Match Dates.csproj", "{5A4637A7-6650-4C12-8CDB-F3282D97B911}"
EndProject
Project("{2150E333-8FDC-42A3-9474-1A3956D46DE8}") = "Dictionaries, Lambda and LINQ", "Dictionaries, Lambda and LINQ", "{BCF726BE-EE93-445B-84E2-D393653A0CC8}"
EndProject
Project("{FAE04EC0-301F-11D3-BF4B-00C04F79EFBC}") = "1. Count Real Numbers", "1. Count Real Numbers\1. Count Real Numbers.csproj", "{0E21FD4D-C0EE-41AE-B842-2A0479496A3F}"
EndProject
Project("{FAE04EC0-301F-11D3-BF4B-00C04F79EFBC}") = "2. OddOccurrences", "2. OddOccurrences\2. OddOccurrences.csproj", "{78DCAF3B-CF99-43F0-A6CF-13701DE10B14}"
EndProject
Project("{FAE04EC0-301F-11D3-BF4B-00C04F79EFBC}") = "3. Word Synonyms", "3. Word Synonyms\3. Word Synonyms.csproj", "{B43AADB6-322B-4DC8-A82C-156028404F6C}"
EndProject
Project("{FAE04EC0-301F-11D3-BF4B-00C04F79EFBC}") = "4. Word Filter", "4. Word Filter\4. Word Filter.csproj", "{861B1051-779E-4504-866B-284129458815}"
EndProject
Project("{2150E333-8FDC-42A3-9474-1A3956D46DE8}") = "Dictionaries, Lambda and LINQ - Exercise", "Dictionaries, Lambda and LINQ - Exercise", "{D28DE9A7-8737-403D-81CF-87DCC83E2259}"
EndProject
Project("{FAE04EC0-301F-11D3-BF4B-00C04F79EFBC}") = "1. Count Chars in a String", "1. Count Chars in a String\1. Count Chars in a String.csproj", "{0D75BD14-4231-4324-9956-B573A45D2937}"
EndProject
Project("{FAE04EC0-301F-11D3-BF4B-00C04F79EFBC}") = "2. A Miner Task", "2. A Miner Task\2. A Miner Task.csproj", "{92F2EE9C-5AD8-4A7F-8181-38FB6D6AB985}"
EndProject
Global
	GlobalSection(SolutionConfigurationPlatforms) = preSolution
		Debug|Any CPU = Debug|Any CPU
		Release|Any CPU = Release|Any CPU
	EndGlobalSection
	GlobalSection(ProjectConfigurationPlatforms) = postSolution
		{D9D79069-792C-4D54-BEE4-B21485C8DDC2}.Debug|Any CPU.ActiveCfg = Debug|Any CPU
		{D9D79069-792C-4D54-BEE4-B21485C8DDC2}.Debug|Any CPU.Build.0 = Debug|Any CPU
		{D9D79069-792C-4D54-BEE4-B21485C8DDC2}.Release|Any CPU.ActiveCfg = Release|Any CPU
		{D9D79069-792C-4D54-BEE4-B21485C8DDC2}.Release|Any CPU.Build.0 = Release|Any CPU
		{63958EB4-E4EF-4533-A58B-F321C5D1E209}.Debug|Any CPU.ActiveCfg = Debug|Any CPU
		{63958EB4-E4EF-4533-A58B-F321C5D1E209}.Debug|Any CPU.Build.0 = Debug|Any CPU
		{63958EB4-E4EF-4533-A58B-F321C5D1E209}.Release|Any CPU.ActiveCfg = Release|Any CPU
		{63958EB4-E4EF-4533-A58B-F321C5D1E209}.Release|Any CPU.Build.0 = Release|Any CPU
		{0E4DCF69-3B0B-4EF9-AC4F-FEDCBF27577D}.Debug|Any CPU.ActiveCfg = Debug|Any CPU
		{0E4DCF69-3B0B-4EF9-AC4F-FEDCBF27577D}.Debug|Any CPU.Build.0 = Debug|Any CPU
		{0E4DCF69-3B0B-4EF9-AC4F-FEDCBF27577D}.Release|Any CPU.ActiveCfg = Release|Any CPU
		{0E4DCF69-3B0B-4EF9-AC4F-FEDCBF27577D}.Release|Any CPU.Build.0 = Release|Any CPU
		{9FE8041B-5AB8-489A-B0EF-80F7FF1B2247}.Debug|Any CPU.ActiveCfg = Debug|Any CPU
		{9FE8041B-5AB8-489A-B0EF-80F7FF1B2247}.Debug|Any CPU.Build.0 = Debug|Any CPU
		{9FE8041B-5AB8-489A-B0EF-80F7FF1B2247}.Release|Any CPU.ActiveCfg = Release|Any CPU
		{9FE8041B-5AB8-489A-B0EF-80F7FF1B2247}.Release|Any CPU.Build.0 = Release|Any CPU
		{0FE7E138-B4FD-416B-B7B5-4D78F8D5AA2E}.Debug|Any CPU.ActiveCfg = Debug|Any CPU
		{0FE7E138-B4FD-416B-B7B5-4D78F8D5AA2E}.Debug|Any CPU.Build.0 = Debug|Any CPU
		{0FE7E138-B4FD-416B-B7B5-4D78F8D5AA2E}.Release|Any CPU.ActiveCfg = Release|Any CPU
		{0FE7E138-B4FD-416B-B7B5-4D78F8D5AA2E}.Release|Any CPU.Build.0 = Release|Any CPU
		{9464FFA0-E11E-4E5D-9578-4A2C97B18CD4}.Debug|Any CPU.ActiveCfg = Debug|Any CPU
		{9464FFA0-E11E-4E5D-9578-4A2C97B18CD4}.Debug|Any CPU.Build.0 = Debug|Any CPU
		{9464FFA0-E11E-4E5D-9578-4A2C97B18CD4}.Release|Any CPU.ActiveCfg = Release|Any CPU
		{9464FFA0-E11E-4E5D-9578-4A2C97B18CD4}.Release|Any CPU.Build.0 = Release|Any CPU
		{0B76F619-8C04-49FD-B2E9-1EC4EA06AA5A}.Debug|Any CPU.ActiveCfg = Debug|Any CPU
		{0B76F619-8C04-49FD-B2E9-1EC4EA06AA5A}.Debug|Any CPU.Build.0 = Debug|Any CPU
		{0B76F619-8C04-49FD-B2E9-1EC4EA06AA5A}.Release|Any CPU.ActiveCfg = Release|Any CPU
		{0B76F619-8C04-49FD-B2E9-1EC4EA06AA5A}.Release|Any CPU.Build.0 = Release|Any CPU
		{5A4637A7-6650-4C12-8CDB-F3282D97B911}.Debug|Any CPU.ActiveCfg = Debug|Any CPU
		{5A4637A7-6650-4C12-8CDB-F3282D97B911}.Debug|Any CPU.Build.0 = Debug|Any CPU
		{5A4637A7-6650-4C12-8CDB-F3282D97B911}.Release|Any CPU.ActiveCfg = Release|Any CPU
		{5A4637A7-6650-4C12-8CDB-F3282D97B911}.Release|Any CPU.Build.0 = Release|Any CPU
		{0E21FD4D-C0EE-41AE-B842-2A0479496A3F}.Debug|Any CPU.ActiveCfg = Debug|Any CPU
		{0E21FD4D-C0EE-41AE-B842-2A0479496A3F}.Debug|Any CPU.Build.0 = Debug|Any CPU
		{0E21FD4D-C0EE-41AE-B842-2A0479496A3F}.Release|Any CPU.ActiveCfg = Release|Any CPU
		{0E21FD4D-C0EE-41AE-B842-2A0479496A3F}.Release|Any CPU.Build.0 = Release|Any CPU
		{78DCAF3B-CF99-43F0-A6CF-13701DE10B14}.Debug|Any CPU.ActiveCfg = Debug|Any CPU
		{78DCAF3B-CF99-43F0-A6CF-13701DE10B14}.Debug|Any CPU.Build.0 = Debug|Any CPU
		{78DCAF3B-CF99-43F0-A6CF-13701DE10B14}.Release|Any CPU.ActiveCfg = Release|Any CPU
		{78DCAF3B-CF99-43F0-A6CF-13701DE10B14}.Release|Any CPU.Build.0 = Release|Any CPU
		{B43AADB6-322B-4DC8-A82C-156028404F6C}.Debug|Any CPU.ActiveCfg = Debug|Any CPU
		{B43AADB6-322B-4DC8-A82C-156028404F6C}.Debug|Any CPU.Build.0 = Debug|Any CPU
		{B43AADB6-322B-4DC8-A82C-156028404F6C}.Release|Any CPU.ActiveCfg = Release|Any CPU
		{B43AADB6-322B-4DC8-A82C-156028404F6C}.Release|Any CPU.Build.0 = Release|Any CPU
		{861B1051-779E-4504-866B-284129458815}.Debug|Any CPU.ActiveCfg = Debug|Any CPU
		{861B1051-779E-4504-866B-284129458815}.Debug|Any CPU.Build.0 = Debug|Any CPU
		{861B1051-779E-4504-866B-284129458815}.Release|Any CPU.ActiveCfg = Release|Any CPU
		{861B1051-779E-4504-866B-284129458815}.Release|Any CPU.Build.0 = Release|Any CPU
		{0D75BD14-4231-4324-9956-B573A45D2937}.Debug|Any CPU.ActiveCfg = Debug|Any CPU
		{0D75BD14-4231-4324-9956-B573A45D2937}.Debug|Any CPU.Build.0 = Debug|Any CPU
		{0D75BD14-4231-4324-9956-B573A45D2937}.Release|Any CPU.ActiveCfg = Release|Any CPU
		{0D75BD14-4231-4324-9956-B573A45D2937}.Release|Any CPU.Build.0 = Release|Any CPU
		{92F2EE9C-5AD8-4A7F-8181-38FB6D6AB985}.Debug|Any CPU.ActiveCfg = Debug|Any CPU
		{92F2EE9C-5AD8-4A7F-8181-38FB6D6AB985}.Debug|Any CPU.Build.0 = Debug|Any CPU
		{92F2EE9C-5AD8-4A7F-8181-38FB6D6AB985}.Release|Any CPU.ActiveCfg = Release|Any CPU
		{92F2EE9C-5AD8-4A7F-8181-38FB6D6AB985}.Release|Any CPU.Build.0 = Release|Any CPU
	EndGlobalSection
	GlobalSection(SolutionProperties) = preSolution
		HideSolutionNode = FALSE
	EndGlobalSection
	GlobalSection(NestedProjects) = preSolution
		{D9D79069-792C-4D54-BEE4-B21485C8DDC2} = {070C74C1-12BD-454D-AC6D-9A018BF3AC6D}
		{63958EB4-E4EF-4533-A58B-F321C5D1E209} = {070C74C1-12BD-454D-AC6D-9A018BF3AC6D}
		{0E4DCF69-3B0B-4EF9-AC4F-FEDCBF27577D} = {070C74C1-12BD-454D-AC6D-9A018BF3AC6D}
		{9FE8041B-5AB8-489A-B0EF-80F7FF1B2247} = {070C74C1-12BD-454D-AC6D-9A018BF3AC6D}
		{0FE7E138-B4FD-416B-B7B5-4D78F8D5AA2E} = {070C74C1-12BD-454D-AC6D-9A018BF3AC6D}
		{9464FFA0-E11E-4E5D-9578-4A2C97B18CD4} = {049C21F3-FF89-4193-A5D2-30FE9A484145}
		{0B76F619-8C04-49FD-B2E9-1EC4EA06AA5A} = {049C21F3-FF89-4193-A5D2-30FE9A484145}
		{5A4637A7-6650-4C12-8CDB-F3282D97B911} = {049C21F3-FF89-4193-A5D2-30FE9A484145}
		{0E21FD4D-C0EE-41AE-B842-2A0479496A3F} = {BCF726BE-EE93-445B-84E2-D393653A0CC8}
		{78DCAF3B-CF99-43F0-A6CF-13701DE10B14} = {BCF726BE-EE93-445B-84E2-D393653A0CC8}
		{B43AADB6-322B-4DC8-A82C-156028404F6C} = {BCF726BE-EE93-445B-84E2-D393653A0CC8}
		{861B1051-779E-4504-866B-284129458815} = {BCF726BE-EE93-445B-84E2-D393653A0CC8}
		{0D75BD14-4231-4324-9956-B573A45D2937} = {D28DE9A7-8737-403D-81CF-87DCC83E2259}
		{92F2EE9C-5AD8-4A7F-8181-38FB6D6AB985} = {D28DE9A7-8737-403D-81CF-87DCC83E2259}
	EndGlobalSection
	GlobalSection(ExtensibilityGlobals) = postSolution
		SolutionGuid = {CB85C566-9753-47A3-B73B-CAB6F504CEA4}
	EndGlobalSection
EndGlobal
