
Microsoft Visual Studio Solution File, Format Version 12.00
# Visual Studio Version 17
VisualStudioVersion = 17.8.34408.163
MinimumVisualStudioVersion = 10.0.40219.1
Project("{9A19103F-16F7-4668-BE54-9A1E7A4F7556}") = "1. Reverse Strings", "Programming Advanced for QA\1. Reverse Strings.csproj", "{D9D79069-792C-4D54-BEE4-B21485C8DDC2}"
EndProject
Project("{2150E333-8FDC-42A3-9474-1A3956D46DE8}") = "Text Processing", "Text Processing", "{070C74C1-12BD-454D-AC6D-9A018BF3AC6D}"
EndProject
Project("{9A19103F-16F7-4668-BE54-9A1E7A4F7556}") = "2. Repeat Strings", "2. Repeat Strings\2. Repeat Strings.csproj", "{63958EB4-E4EF-4533-A58B-F321C5D1E209}"
EndProject
Project("{9A19103F-16F7-4668-BE54-9A1E7A4F7556}") = "3. Substring", "3. Substring\3. Substring.csproj", "{0E4DCF69-3B0B-4EF9-AC4F-FEDCBF27577D}"
EndProject
Project("{9A19103F-16F7-4668-BE54-9A1E7A4F7556}") = "4. Text Filter", "4. Text Filter\4. Text Filter.csproj", "{9FE8041B-5AB8-489A-B0EF-80F7FF1B2247}"
EndProject
Project("{9A19103F-16F7-4668-BE54-9A1E7A4F7556}") = "5. Digits, Letters and Other", "5. Digits, Letters and Other\5. Digits, Letters and Other.csproj", "{0FE7E138-B4FD-416B-B7B5-4D78F8D5AA2E}"
EndProject
Project("{2150E333-8FDC-42A3-9474-1A3956D46DE8}") = "Regular Expressions", "Regular Expressions", "{049C21F3-FF89-4193-A5D2-30FE9A484145}"
EndProject
Project("{FAE04EC0-301F-11D3-BF4B-00C04F79EFBC}") = "1. Match Full Name", "1. Match Full Name\1. Match Full Name.csproj", "{9464FFA0-E11E-4E5D-9578-4A2C97B18CD4}"
EndProject
Project("{FAE04EC0-301F-11D3-BF4B-00C04F79EFBC}") = "2. Match Phone Number", "2. Match Phone Number\2. Match Phone Number.csproj", "{0B76F619-8C04-49FD-B2E9-1EC4EA06AA5A}"
EndProject
Global
	GlobalSection(SolutionConfigurationPlatforms) = preSolution
		Debug|Any CPU = Debug|Any CPU
		Release|Any CPU = Release|Any CPU
	EndGlobalSection
	GlobalSection(ProjectConfigurationPlatforms) = postSolution
		{D9D79069-792C-4D54-BEE4-B21485C8DDC2}.Debug|Any CPU.ActiveCfg = Debug|Any CPU
		{D9D79069-792C-4D54-BEE4-B21485C8DDC2}.Debug|Any CPU.Build.0 = Debug|Any CPU
		{D9D79069-792C-4D54-BEE4-B21485C8DDC2}.Release|Any CPU.ActiveCfg = Release|Any CPU
		{D9D79069-792C-4D54-BEE4-B21485C8DDC2}.Release|Any CPU.Build.0 = Release|Any CPU
		{63958EB4-E4EF-4533-A58B-F321C5D1E209}.Debug|Any CPU.ActiveCfg = Debug|Any CPU
		{63958EB4-E4EF-4533-A58B-F321C5D1E209}.Debug|Any CPU.Build.0 = Debug|Any CPU
		{63958EB4-E4EF-4533-A58B-F321C5D1E209}.Release|Any CPU.ActiveCfg = Release|Any CPU
		{63958EB4-E4EF-4533-A58B-F321C5D1E209}.Release|Any CPU.Build.0 = Release|Any CPU
		{0E4DCF69-3B0B-4EF9-AC4F-FEDCBF27577D}.Debug|Any CPU.ActiveCfg = Debug|Any CPU
		{0E4DCF69-3B0B-4EF9-AC4F-FEDCBF27577D}.Debug|Any CPU.Build.0 = Debug|Any CPU
		{0E4DCF69-3B0B-4EF9-AC4F-FEDCBF27577D}.Release|Any CPU.ActiveCfg = Release|Any CPU
		{0E4DCF69-3B0B-4EF9-AC4F-FEDCBF27577D}.Release|Any CPU.Build.0 = Release|Any CPU
		{9FE8041B-5AB8-489A-B0EF-80F7FF1B2247}.Debug|Any CPU.ActiveCfg = Debug|Any CPU
		{9FE8041B-5AB8-489A-B0EF-80F7FF1B2247}.Debug|Any CPU.Build.0 = Debug|Any CPU
		{9FE8041B-5AB8-489A-B0EF-80F7FF1B2247}.Release|Any CPU.ActiveCfg = Release|Any CPU
		{9FE8041B-5AB8-489A-B0EF-80F7FF1B2247}.Release|Any CPU.Build.0 = Release|Any CPU
		{0FE7E138-B4FD-416B-B7B5-4D78F8D5AA2E}.Debug|Any CPU.ActiveCfg = Debug|Any CPU
		{0FE7E138-B4FD-416B-B7B5-4D78F8D5AA2E}.Debug|Any CPU.Build.0 = Debug|Any CPU
		{0FE7E138-B4FD-416B-B7B5-4D78F8D5AA2E}.Release|Any CPU.ActiveCfg = Release|Any CPU
		{0FE7E138-B4FD-416B-B7B5-4D78F8D5AA2E}.Release|Any CPU.Build.0 = Release|Any CPU
		{9464FFA0-E11E-4E5D-9578-4A2C97B18CD4}.Debug|Any CPU.ActiveCfg = Debug|Any CPU
		{9464FFA0-E11E-4E5D-9578-4A2C97B18CD4}.Debug|Any CPU.Build.0 = Debug|Any CPU
		{9464FFA0-E11E-4E5D-9578-4A2C97B18CD4}.Release|Any CPU.ActiveCfg = Release|Any CPU
		{9464FFA0-E11E-4E5D-9578-4A2C97B18CD4}.Release|Any CPU.Build.0 = Release|Any CPU
		{0B76F619-8C04-49FD-B2E9-1EC4EA06AA5A}.Debug|Any CPU.ActiveCfg = Debug|Any CPU
		{0B76F619-8C04-49FD-B2E9-1EC4EA06AA5A}.Debug|Any CPU.Build.0 = Debug|Any CPU
		{0B76F619-8C04-49FD-B2E9-1EC4EA06AA5A}.Release|Any CPU.ActiveCfg = Release|Any CPU
		{0B76F619-8C04-49FD-B2E9-1EC4EA06AA5A}.Release|Any CPU.Build.0 = Release|Any CPU
	EndGlobalSection
	GlobalSection(SolutionProperties) = preSolution
		HideSolutionNode = FALSE
	EndGlobalSection
	GlobalSection(NestedProjects) = preSolution
		{D9D79069-792C-4D54-BEE4-B21485C8DDC2} = {070C74C1-12BD-454D-AC6D-9A018BF3AC6D}
		{63958EB4-E4EF-4533-A58B-F321C5D1E209} = {070C74C1-12BD-454D-AC6D-9A018BF3AC6D}
		{0E4DCF69-3B0B-4EF9-AC4F-FEDCBF27577D} = {070C74C1-12BD-454D-AC6D-9A018BF3AC6D}
		{9FE8041B-5AB8-489A-B0EF-80F7FF1B2247} = {070C74C1-12BD-454D-AC6D-9A018BF3AC6D}
		{0FE7E138-B4FD-416B-B7B5-4D78F8D5AA2E} = {070C74C1-12BD-454D-AC6D-9A018BF3AC6D}
		{9464FFA0-E11E-4E5D-9578-4A2C97B18CD4} = {049C21F3-FF89-4193-A5D2-30FE9A484145}
		{0B76F619-8C04-49FD-B2E9-1EC4EA06AA5A} = {049C21F3-FF89-4193-A5D2-30FE9A484145}
	EndGlobalSection
	GlobalSection(ExtensibilityGlobals) = postSolution
		SolutionGuid = {CB85C566-9753-47A3-B73B-CAB6F504CEA4}
	EndGlobalSection
EndGlobal
